
Microsoft Visual Studio Solution File, Format Version 12.00
# Visual Studio Version 16
VisualStudioVersion = 16.0.31205.134
MinimumVisualStudioVersion = 10.0.40219.1
Project("{9A19103F-16F7-4668-BE54-9A1E7A4F7556}") = "CursoMVC", "CursoMVC\CursoMVC.csproj", "{0ECB123C-0ECB-428A-BC18-2F788CFEA7D7}"
EndProject
Project("{FAE04EC0-301F-11D3-BF4B-00C04F79EFBC}") = "CursoAPI", "CursoAPI\CursoAPI.csproj", "{7A9593D6-8D84-4DDD-9E29-05E9A8B936B3}"
EndProject
Project("{FAE04EC0-301F-11D3-BF4B-00C04F79EFBC}") = "CursoTest", "CursoTest\CursoTest.csproj", "{713DFF29-CBB3-41E8-8790-F3F81251E0C4}"
EndProject
Global
	GlobalSection(SolutionConfigurationPlatforms) = preSolution
		Debug|Any CPU = Debug|Any CPU
		Release|Any CPU = Release|Any CPU
	EndGlobalSection
	GlobalSection(ProjectConfigurationPlatforms) = postSolution
		{0ECB123C-0ECB-428A-BC18-2F788CFEA7D7}.Debug|Any CPU.ActiveCfg = Debug|Any CPU
		{0ECB123C-0ECB-428A-BC18-2F788CFEA7D7}.Debug|Any CPU.Build.0 = Debug|Any CPU
		{0ECB123C-0ECB-428A-BC18-2F788CFEA7D7}.Release|Any CPU.ActiveCfg = Release|Any CPU
		{0ECB123C-0ECB-428A-BC18-2F788CFEA7D7}.Release|Any CPU.Build.0 = Release|Any CPU
		{7A9593D6-8D84-4DDD-9E29-05E9A8B936B3}.Debug|Any CPU.ActiveCfg = Debug|Any CPU
		{7A9593D6-8D84-4DDD-9E29-05E9A8B936B3}.Debug|Any CPU.Build.0 = Debug|Any CPU
		{7A9593D6-8D84-4DDD-9E29-05E9A8B936B3}.Release|Any CPU.ActiveCfg = Release|Any CPU
		{7A9593D6-8D84-4DDD-9E29-05E9A8B936B3}.Release|Any CPU.Build.0 = Release|Any CPU
		{713DFF29-CBB3-41E8-8790-F3F81251E0C4}.Debug|Any CPU.ActiveCfg = Debug|Any CPU
		{713DFF29-CBB3-41E8-8790-F3F81251E0C4}.Debug|Any CPU.Build.0 = Debug|Any CPU
		{713DFF29-CBB3-41E8-8790-F3F81251E0C4}.Release|Any CPU.ActiveCfg = Release|Any CPU
		{713DFF29-CBB3-41E8-8790-F3F81251E0C4}.Release|Any CPU.Build.0 = Release|Any CPU
	EndGlobalSection
	GlobalSection(SolutionProperties) = preSolution
		HideSolutionNode = FALSE
	EndGlobalSection
	GlobalSection(ExtensibilityGlobals) = postSolution
		SolutionGuid = {84CD9058-C624-4C76-84E5-913D8D8B4FDE}
	EndGlobalSection
EndGlobal
